
Microsoft Visual Studio Solution File, Format Version 12.00
# Visual Studio Version 17
VisualStudioVersion = 17.7.34031.279
MinimumVisualStudioVersion = 10.0.40219.1
Project("{FAE04EC0-301F-11D3-BF4B-00C04F79EFBC}") = "hotel-management", "hotel-management.csproj", "{9854951F-EA30-48C3-B905-E40B1049567A}"
EndProject
Global
	GlobalSection(SolutionConfigurationPlatforms) = preSolution
		Debug|Any CPU = Debug|Any CPU
		Release|Any CPU = Release|Any CPU
	EndGlobalSection
	GlobalSection(ProjectConfigurationPlatforms) = postSolution
		{9854951F-EA30-48C3-B905-E40B1049567A}.Debug|Any CPU.ActiveCfg = Debug|Any CPU
		{9854951F-EA30-48C3-B905-E40B1049567A}.Debug|Any CPU.Build.0 = Debug|Any CPU
		{9854951F-EA30-48C3-B905-E40B1049567A}.Release|Any CPU.ActiveCfg = Release|Any CPU
		{9854951F-EA30-48C3-B905-E40B1049567A}.Release|Any CPU.Build.0 = Release|Any CPU
	EndGlobalSection
	GlobalSection(SolutionProperties) = preSolution
		HideSolutionNode = FALSE
	EndGlobalSection
	GlobalSection(ExtensibilityGlobals) = postSolution
		SolutionGuid = {C33C90C1-A2D9-46AE-86ED-F46EEAF73FDD}
	EndGlobalSection
EndGlobal
